
Microsoft Visual Studio Solution File, Format Version 12.00
# Visual Studio Version 17
VisualStudioVersion = 17.8.34309.116
MinimumVisualStudioVersion = 10.0.40219.1
Project("{FAE04EC0-301F-11D3-BF4B-00C04F79EFBC}") = "WebformSchoolProject", "WebformSchoolProject\WebformSchoolProject.csproj", "{4DF8F52C-890E-406A-BB8F-D5602CDF5F5B}"
EndProject
Global
	GlobalSection(SolutionConfigurationPlatforms) = preSolution
		Debug|Any CPU = Debug|Any CPU
		Release|Any CPU = Release|Any CPU
	EndGlobalSection
	GlobalSection(ProjectConfigurationPlatforms) = postSolution
		{4DF8F52C-890E-406A-BB8F-D5602CDF5F5B}.Debug|Any CPU.ActiveCfg = Debug|Any CPU
		{4DF8F52C-890E-406A-BB8F-D5602CDF5F5B}.Debug|Any CPU.Build.0 = Debug|Any CPU
		{4DF8F52C-890E-406A-BB8F-D5602CDF5F5B}.Release|Any CPU.ActiveCfg = Release|Any CPU
		{4DF8F52C-890E-406A-BB8F-D5602CDF5F5B}.Release|Any CPU.Build.0 = Release|Any CPU
	EndGlobalSection
	GlobalSection(SolutionProperties) = preSolution
		HideSolutionNode = FALSE
	EndGlobalSection
	GlobalSection(ExtensibilityGlobals) = postSolution
		SolutionGuid = {EF5E4A9A-D84E-404F-9DBD-81A9C890A16E}
	EndGlobalSection
EndGlobal
